
Microsoft Visual Studio Solution File, Format Version 12.00
# Visual Studio Version 17
VisualStudioVersion = 17.9.34728.123
MinimumVisualStudioVersion = 10.0.40219.1
Project("{FAE04EC0-301F-11D3-BF4B-00C04F79EFBC}") = "DynamicTimeTable", "DynamicTimeTable\DynamicTimeTable.csproj", "{16F28D95-A7B5-48C2-B344-3F8BD29DD7B6}"
EndProject
Global
	GlobalSection(SolutionConfigurationPlatforms) = preSolution
		Debug|Any CPU = Debug|Any CPU
		Release|Any CPU = Release|Any CPU
	EndGlobalSection
	GlobalSection(ProjectConfigurationPlatforms) = postSolution
		{16F28D95-A7B5-48C2-B344-3F8BD29DD7B6}.Debug|Any CPU.ActiveCfg = Debug|Any CPU
		{16F28D95-A7B5-48C2-B344-3F8BD29DD7B6}.Debug|Any CPU.Build.0 = Debug|Any CPU
		{16F28D95-A7B5-48C2-B344-3F8BD29DD7B6}.Release|Any CPU.ActiveCfg = Release|Any CPU
		{16F28D95-A7B5-48C2-B344-3F8BD29DD7B6}.Release|Any CPU.Build.0 = Release|Any CPU
	EndGlobalSection
	GlobalSection(SolutionProperties) = preSolution
		HideSolutionNode = FALSE
	EndGlobalSection
	GlobalSection(ExtensibilityGlobals) = postSolution
		SolutionGuid = {C8DCA56F-CC29-48BD-941E-09C57BBE2238}
	EndGlobalSection
EndGlobal
